
Microsoft Visual Studio Solution File, Format Version 12.00
# Visual Studio Version 17
VisualStudioVersion = 17.4.33110.190
MinimumVisualStudioVersion = 10.0.40219.1
Project("{9A19103F-16F7-4668-BE54-9A1E7A4F7556}") = "Tests_Generator.Core", "Tests_Generator.Core\Tests_Generator.Core.csproj", "{834384E9-6976-4DAF-8F4E-7882D4AB494D}"
EndProject
Project("{FAE04EC0-301F-11D3-BF4B-00C04F79EFBC}") = "Test_Generator.Example", "Test_Generator.Example\Test_Generator.Example.csproj", "{6C62EB16-6A89-47F6-BE97-1400EA82CB7F}"
EndProject
Global
	GlobalSection(SolutionConfigurationPlatforms) = preSolution
		Debug|Any CPU = Debug|Any CPU
		Release|Any CPU = Release|Any CPU
	EndGlobalSection
	GlobalSection(ProjectConfigurationPlatforms) = postSolution
		{834384E9-6976-4DAF-8F4E-7882D4AB494D}.Debug|Any CPU.ActiveCfg = Debug|Any CPU
		{834384E9-6976-4DAF-8F4E-7882D4AB494D}.Debug|Any CPU.Build.0 = Debug|Any CPU
		{834384E9-6976-4DAF-8F4E-7882D4AB494D}.Release|Any CPU.ActiveCfg = Release|Any CPU
		{834384E9-6976-4DAF-8F4E-7882D4AB494D}.Release|Any CPU.Build.0 = Release|Any CPU
		{6C62EB16-6A89-47F6-BE97-1400EA82CB7F}.Debug|Any CPU.ActiveCfg = Debug|Any CPU
		{6C62EB16-6A89-47F6-BE97-1400EA82CB7F}.Debug|Any CPU.Build.0 = Debug|Any CPU
		{6C62EB16-6A89-47F6-BE97-1400EA82CB7F}.Release|Any CPU.ActiveCfg = Release|Any CPU
		{6C62EB16-6A89-47F6-BE97-1400EA82CB7F}.Release|Any CPU.Build.0 = Release|Any CPU
	EndGlobalSection
	GlobalSection(SolutionProperties) = preSolution
		HideSolutionNode = FALSE
	EndGlobalSection
	GlobalSection(ExtensibilityGlobals) = postSolution
		SolutionGuid = {218EA3E8-0010-4F5C-AE98-79EA7A1EC204}
	EndGlobalSection
EndGlobal
