
Microsoft Visual Studio Solution File, Format Version 12.00
# Visual Studio Version 17
VisualStudioVersion = 17.4.33110.190
MinimumVisualStudioVersion = 10.0.40219.1
Project("{FAE04EC0-301F-11D3-BF4B-00C04F79EFBC}") = "Tests_Generator.ConsoleApp", "Tests_Generator.ConsoleApp\Tests_Generator.ConsoleApp.csproj", "{B3044876-2FEC-44C4-A001-10EAAECB118F}"
EndProject
Project("{FAE04EC0-301F-11D3-BF4B-00C04F79EFBC}") = "Tests_Generator.Core", "Tests_Generator.Core\Tests_Generator.Core.csproj", "{834384E9-6976-4DAF-8F4E-7882D4AB494D}"
EndProject
Global
	GlobalSection(SolutionConfigurationPlatforms) = preSolution
		Debug|Any CPU = Debug|Any CPU
		Release|Any CPU = Release|Any CPU
	EndGlobalSection
	GlobalSection(ProjectConfigurationPlatforms) = postSolution
		{B3044876-2FEC-44C4-A001-10EAAECB118F}.Debug|Any CPU.ActiveCfg = Debug|Any CPU
		{B3044876-2FEC-44C4-A001-10EAAECB118F}.Debug|Any CPU.Build.0 = Debug|Any CPU
		{B3044876-2FEC-44C4-A001-10EAAECB118F}.Release|Any CPU.ActiveCfg = Release|Any CPU
		{B3044876-2FEC-44C4-A001-10EAAECB118F}.Release|Any CPU.Build.0 = Release|Any CPU
		{834384E9-6976-4DAF-8F4E-7882D4AB494D}.Debug|Any CPU.ActiveCfg = Debug|Any CPU
		{834384E9-6976-4DAF-8F4E-7882D4AB494D}.Debug|Any CPU.Build.0 = Debug|Any CPU
		{834384E9-6976-4DAF-8F4E-7882D4AB494D}.Release|Any CPU.ActiveCfg = Release|Any CPU
		{834384E9-6976-4DAF-8F4E-7882D4AB494D}.Release|Any CPU.Build.0 = Release|Any CPU
	EndGlobalSection
	GlobalSection(SolutionProperties) = preSolution
		HideSolutionNode = FALSE
	EndGlobalSection
	GlobalSection(ExtensibilityGlobals) = postSolution
		SolutionGuid = {218EA3E8-0010-4F5C-AE98-79EA7A1EC204}
	EndGlobalSection
EndGlobal
